github.com/juanfgarcia/LiveAnalysis/Analysis v0.0.0-20211028161711-daeb59d8d31f h1:BCaLUfpOAcTUGfZA4M8skbegdmigYXmEIBJykcNoBB4=
github.com/juanfgarcia/LiveAnalysis/Analysis v0.0.0-20211028161711-daeb59d8d31f/go.mod h1:Mn+nfvjjsGsERKUzba7YYDdBH1r9Qu1FZrOmprhcxGQ=
github.com/juanfgarcia/LiveAnalysis/CFG v0.0.0-20211028161711-daeb59d8d31f h1:iCQpoUjoZ7U3kxw742PF8qNDmDAMtY981uLty5eagcI=
github.com/juanfgarcia/LiveAnalysis/CFG v0.0.0-20211028161711-daeb59d8d31f/go.mod h1:yUk2NsqaO0T8wpZBVP8IZcuuQOqpEGSVDAb+lPyXtSY=
